
Microsoft Visual Studio Solution File, Format Version 12.00
# Visual Studio Version 17
VisualStudioVersion = 17.0.31903.59
MinimumVisualStudioVersion = 10.0.40219.1
Project("{2150E333-8FDC-42A3-9474-1A3956D46DE8}") = "src", "src", "{C76792D3-B7E2-4F9E-8F63-30D6A37E5C81}"
EndProject
Project("{F2A71F9B-5D33-465A-A702-920D77279786}") = "Solutions", "src\Solutions\Solutions.fsproj", "{5F92E3D6-1A1D-4970-B5E7-3CC5A56F1322}"
EndProject
Project("{F2A71F9B-5D33-465A-A702-920D77279786}") = "App", "src\App\App.fsproj", "{D734FCE7-C38E-4C35-87C9-82D686F0DE48}"
EndProject
Global
	GlobalSection(SolutionConfigurationPlatforms) = preSolution
		Debug|Any CPU = Debug|Any CPU
		Release|Any CPU = Release|Any CPU
	EndGlobalSection
	GlobalSection(SolutionProperties) = preSolution
		HideSolutionNode = FALSE
	EndGlobalSection
	GlobalSection(ProjectConfigurationPlatforms) = postSolution
		{5F92E3D6-1A1D-4970-B5E7-3CC5A56F1322}.Debug|Any CPU.ActiveCfg = Debug|Any CPU
		{5F92E3D6-1A1D-4970-B5E7-3CC5A56F1322}.Debug|Any CPU.Build.0 = Debug|Any CPU
		{5F92E3D6-1A1D-4970-B5E7-3CC5A56F1322}.Release|Any CPU.ActiveCfg = Release|Any CPU
		{5F92E3D6-1A1D-4970-B5E7-3CC5A56F1322}.Release|Any CPU.Build.0 = Release|Any CPU
		{D734FCE7-C38E-4C35-87C9-82D686F0DE48}.Debug|Any CPU.ActiveCfg = Debug|Any CPU
		{D734FCE7-C38E-4C35-87C9-82D686F0DE48}.Debug|Any CPU.Build.0 = Debug|Any CPU
		{D734FCE7-C38E-4C35-87C9-82D686F0DE48}.Release|Any CPU.ActiveCfg = Release|Any CPU
		{D734FCE7-C38E-4C35-87C9-82D686F0DE48}.Release|Any CPU.Build.0 = Release|Any CPU
	EndGlobalSection
	GlobalSection(NestedProjects) = preSolution
		{5F92E3D6-1A1D-4970-B5E7-3CC5A56F1322} = {C76792D3-B7E2-4F9E-8F63-30D6A37E5C81}
		{D734FCE7-C38E-4C35-87C9-82D686F0DE48} = {C76792D3-B7E2-4F9E-8F63-30D6A37E5C81}
	EndGlobalSection
EndGlobal
